<?xml version="1.0" encoding="utf-8"?>
<Project ToolsVersion="4.0" xmlns="http://schemas.microsoft.com/developer/msbuild/2003">
  <ItemGroup>
    <Filter Include="Source Files">
      <UniqueIdentifier>{4FC737F1-C7A5-4376-A066-2A32D752A2FF}</UniqueIdentifier>
      <Extensions>cpp;c;cc;cxx;def;odl;idl;hpj;bat;asm;asmx</Extensions>
    </Filter>
    <Filter Include="Header Files">
      <UniqueIdentifier>{93995380-89BD-4b04-88EB-625FBE52EBFB}</UniqueIdentifier>
      <Extensions>h;hpp;hxx;hm;inl;inc;xsd</Extensions>
    </Filter>
    <Filter Include="Resource Files">
      <UniqueIdentifier>{67DA6AB6-F800-4c08-8B7A-83BB121AAD01}</UniqueIdentifier>
      <Extensions>rc;ico;cur;bmp;dlg;rc2;rct;bin;rgs;gif;jpg;jpeg;jpe;resx;tiff;tif;png;wav;mfcribbon-ms</Extensions>
    </Filter>
    <Filter Include="Header Files\video_source">
      <UniqueIdentifier>{b71d0de6-b779-46b4-9664-ece9ca8e609a}</UniqueIdentifier>
    </Filter>
    <Filter Include="Source Files\video_source">
      <UniqueIdentifier>{822dc8d1-9794-4f6d-840b-c9b7c1b57ac9}</UniqueIdentifier>
    </Filter>
    <Filter Include="Header Files\renderers">
      <UniqueIdentifier>{a82c5e92-4c9f-473d-a179-1e8727c0bd26}</UniqueIdentifier>
    </Filter>
    <Filter Include="Source Files\renderers">
      <UniqueIdentifier>{1ec07bc8-0579-4dc1-ada7-cfe1399ec033}</UniqueIdentifier>
    </Filter>
    <Filter Include="Header Files\utils">
      <UniqueIdentifier>{bf1536bf-b5b9-443f-8b73-20f3028c1cb5}</UniqueIdentifier>
    </Filter>
    <Filter Include="Header Files\clipper">
      <UniqueIdentifier>{d25422ad-ffb5-4638-a2a6-957d9d364958}</UniqueIdentifier>
    </Filter>
    <Filter Include="Source Files\clipper">
      <UniqueIdentifier>{4ee5a400-7c75-4da9-b357-3bbd56a1f204}</UniqueIdentifier>
    </Filter>
    <Filter Include="Header Files\algorithm">
      <UniqueIdentifier>{25bbd5e5-2597-4b14-9f8f-289ca21e0f8a}</UniqueIdentifier>
    </Filter>
    <Filter Include="Source Files\algorithm">
      <UniqueIdentifier>{2de4006f-956b-47cf-a771-f2cd44d154a8}</UniqueIdentifier>
    </Filter>
    <Filter Include="Header Files\algorithm\tile_placers">
      <UniqueIdentifier>{e49c5345-1b91-4e44-b232-6ae40e1e3273}</UniqueIdentifier>
    </Filter>
    <Filter Include="Source Files\utils">
      <UniqueIdentifier>{904cf5e9-e97d-4b15-a94e-d2de5f571a27}</UniqueIdentifier>
    </Filter>
  </ItemGroup>
  <ItemGroup>
    <ClCompile Include="directory_source.cpp">
      <Filter>Source Files\video_source</Filter>
    </ClCompile>
    <ClCompile Include="offscreen_render.cpp">
      <Filter>Source Files\renderers</Filter>
    </ClCompile>
    <ClCompile Include="polygons_to_scene.cpp">
      <Filter>Source Files\renderers</Filter>
    </ClCompile>
    <ClCompile Include="scene_to_image.cpp">
      <Filter>Source Files\renderers</Filter>
    </ClCompile>
    <ClCompile Include="opencv_renderer.cpp">
      <Filter>Source Files\renderers</Filter>
    </ClCompile>
    <ClCompile Include="clipper.cpp">
      <Filter>Source Files\clipper</Filter>
    </ClCompile>
    <ClCompile Include="guide_lines.cpp">
      <Filter>Source Files\algorithm</Filter>
    </ClCompile>
    <ClCompile Include="image_to_mosaic.cpp">
      <Filter>Source Files\algorithm</Filter>
    </ClCompile>
    <ClCompile Include="topographic_to_locations.cpp">
      <Filter>Source Files\algorithm</Filter>
    </ClCompile>
    <ClCompile Include="topological_map_maker.cpp">
      <Filter>Source Files\algorithm</Filter>
    </ClCompile>
    <ClCompile Include="video_to_mosaic.cpp">
      <Filter>Source Files\algorithm</Filter>
    </ClCompile>
    <ClCompile Include="voronoi_renderer.cpp">
      <Filter>Source Files\renderers</Filter>
    </ClCompile>
    <ClCompile Include="pov_ray_renderer.cpp">
      <Filter>Source Files\renderers</Filter>
    </ClCompile>
    <ClCompile Include="ideal_to_cut_polygons.cpp">
      <Filter>Source Files\algorithm</Filter>
    </ClCompile>
    <ClCompile Include="parameters_parser.cpp">
      <Filter>Source Files\utils</Filter>
    </ClCompile>
    <ClCompile Include="topographic_to_locations_iterative.cpp">
      <Filter>Source Files</Filter>
    </ClCompile>
    <ClCompile Include="scene_to_mosaic.cpp">
      <Filter>Source Files</Filter>
    </ClCompile>
  </ItemGroup>
  <ItemGroup>
    <ClInclude Include="video_source.h">
      <Filter>Header Files\video_source</Filter>
    </ClInclude>
    <ClInclude Include="directory_source.h">
      <Filter>Header Files\video_source</Filter>
    </ClInclude>
    <ClInclude Include="polygons_to_scene.h">
      <Filter>Header Files\renderers</Filter>
    </ClInclude>
    <ClInclude Include="opencv_renderer.h">
      <Filter>Header Files\renderers</Filter>
    </ClInclude>
    <ClInclude Include="scene_to_image.h">
      <Filter>Header Files\renderers</Filter>
    </ClInclude>
    <ClInclude Include="transfromations.h">
      <Filter>Header Files\utils</Filter>
    </ClInclude>
    <ClInclude Include="locator_grid.h">
      <Filter>Header Files\utils</Filter>
    </ClInclude>
    <ClInclude Include="adapt_cv_point.h">
      <Filter>Header Files\utils</Filter>
    </ClInclude>
    <ClInclude Include="clipper.hpp">
      <Filter>Header Files\clipper</Filter>
    </ClInclude>
    <ClInclude Include="guide_lines.h">
      <Filter>Header Files\algorithm</Filter>
    </ClInclude>
    <ClInclude Include="image_to_mosaic.h">
      <Filter>Header Files\algorithm</Filter>
    </ClInclude>
    <ClInclude Include="topographic_to_locations.h">
      <Filter>Header Files\algorithm</Filter>
    </ClInclude>
    <ClInclude Include="topological_map_maker.h">
      <Filter>Header Files\algorithm</Filter>
    </ClInclude>
    <ClInclude Include="video_to_mosaic.h">
      <Filter>Header Files\algorithm</Filter>
    </ClInclude>
    <ClInclude Include="voronoi_renderer.h">
      <Filter>Header Files\renderers</Filter>
    </ClInclude>
    <ClInclude Include="pov_ray_renderer.h">
      <Filter>Header Files\renderers</Filter>
    </ClInclude>
    <ClInclude Include="utils.h">
      <Filter>Header Files\utils</Filter>
    </ClInclude>
    <ClInclude Include="ideal_to_cut_polygons.h">
      <Filter>Header Files\algorithm</Filter>
    </ClInclude>
    <ClInclude Include="approximate_tile_placer.h">
      <Filter>Header Files\algorithm\tile_placers</Filter>
    </ClInclude>
    <ClInclude Include="precise_tile_placer.h">
      <Filter>Header Files\algorithm\tile_placers</Filter>
    </ClInclude>
    <ClInclude Include="polygon_utils.h">
      <Filter>Header Files\utils</Filter>
    </ClInclude>
    <ClInclude Include="parameters_parser.h">
      <Filter>Header Files\utils</Filter>
    </ClInclude>
    <ClInclude Include="topographic_to_locations_iterative.h">
      <Filter>Header Files</Filter>
    </ClInclude>
    <ClInclude Include="scene_to_mosaic.h">
      <Filter>Header Files</Filter>
    </ClInclude>
  </ItemGroup>
</Project>